
Microsoft Visual Studio Solution File, Format Version 12.00
# Visual Studio Version 16
VisualStudioVersion = 16.0.32630.194
MinimumVisualStudioVersion = 10.0.40219.1
Project("{FAE04EC0-301F-11D3-BF4B-00C04F79EFBC}") = "Developer  Recommendation", "Developer  Recommendation.csproj", "{C7F323A6-7EC9-42FD-B1F1-CA1CD767FBFC}"
EndProject
Project("{FAE04EC0-301F-11D3-BF4B-00C04F79EFBC}") = "Developer  Recommendation.Tests", "..\Developer  Recommendation.Tests\Developer  Recommendation.Tests.csproj", "{2B216D2D-33DA-43CF-8CC5-A6D5E02F3DBF}"
EndProject
Global
	GlobalSection(SolutionConfigurationPlatforms) = preSolution
		Debug|Any CPU = Debug|Any CPU
		Release|Any CPU = Release|Any CPU
	EndGlobalSection
	GlobalSection(ProjectConfigurationPlatforms) = postSolution
		{C7F323A6-7EC9-42FD-B1F1-CA1CD767FBFC}.Debug|Any CPU.ActiveCfg = Debug|Any CPU
		{C7F323A6-7EC9-42FD-B1F1-CA1CD767FBFC}.Debug|Any CPU.Build.0 = Debug|Any CPU
		{C7F323A6-7EC9-42FD-B1F1-CA1CD767FBFC}.Release|Any CPU.ActiveCfg = Release|Any CPU
		{C7F323A6-7EC9-42FD-B1F1-CA1CD767FBFC}.Release|Any CPU.Build.0 = Release|Any CPU
		{2B216D2D-33DA-43CF-8CC5-A6D5E02F3DBF}.Debug|Any CPU.ActiveCfg = Debug|Any CPU
		{2B216D2D-33DA-43CF-8CC5-A6D5E02F3DBF}.Debug|Any CPU.Build.0 = Debug|Any CPU
		{2B216D2D-33DA-43CF-8CC5-A6D5E02F3DBF}.Release|Any CPU.ActiveCfg = Release|Any CPU
		{2B216D2D-33DA-43CF-8CC5-A6D5E02F3DBF}.Release|Any CPU.Build.0 = Release|Any CPU
	EndGlobalSection
	GlobalSection(SolutionProperties) = preSolution
		HideSolutionNode = FALSE
	EndGlobalSection
	GlobalSection(ExtensibilityGlobals) = postSolution
		SolutionGuid = {D80FA717-AF2B-4189-969A-CFB90A10E1B7}
	EndGlobalSection
EndGlobal
